// !$*UTF8*$!
{
	archiveVersion = 1;
	classes = {
	};
	objectVersion = 46;
	objects = {

/* Begin PBXBuildFile section */
		A1D9B3B31B133875007DE466 /* AppDelegate.swift in Sources */ = {isa = PBXBuildFile; fileRef = A1D9B3B21B133875007DE466 /* AppDelegate.swift */; };
		A1D9B3B51B133875007DE466 /* ViewController.swift in Sources */ = {isa = PBXBuildFile; fileRef = A1D9B3B41B133875007DE466 /* ViewController.swift */; };
		A1D9B3B81B133875007DE466 /* Main.storyboard in Resources */ = {isa = PBXBuildFile; fileRef = A1D9B3B61B133875007DE466 /* Main.storyboard */; };
		A1D9B3BA1B133875007DE466 /* Images.xcassets in Resources */ = {isa = PBXBuildFile; fileRef = A1D9B3B91B133875007DE466 /* Images.xcassets */; };
		A1D9B3BD1B133875007DE466 /* LaunchScreen.xib in Resources */ = {isa = PBXBuildFile; fileRef = A1D9B3BB1B133875007DE466 /* LaunchScreen.xib */; };
		A1D9B3C91B133875007DE466 /* SampleProjectTests.swift in Sources */ = {isa = PBXBuildFile; fileRef = A1D9B3C81B133875007DE466 /* SampleProjectTests.swift */; };
		A1D9B3D71B1339B3007DE466 /* ModalExplanationViewController.swift in Sources */ = {isa = PBXBuildFile; fileRef = A1D9B3D31B1339B3007DE466 /* ModalExplanationViewController.swift */; };
		A1D9B3D81B1339B3007DE466 /* PermissionController.swift in Sources */ = {isa = PBXBuildFile; fileRef = A1D9B3D41B1339B3007DE466 /* PermissionController.swift */; };
		A1D9B3D91B1339B3007DE466 /* PermissionView.swift in Sources */ = {isa = PBXBuildFile; fileRef = A1D9B3D51B1339B3007DE466 /* PermissionView.swift */; };
		A1D9B3DA1B1339B3007DE466 /* PermissionView.xib in Resources */ = {isa = PBXBuildFile; fileRef = A1D9B3D61B1339B3007DE466 /* PermissionView.xib */; };
		A1D9B3EB1B133BE5007DE466 /* Calendar Permission Icon.png in Resources */ = {isa = PBXBuildFile; fileRef = A1D9B3E21B133BE5007DE466 /* Calendar Permission Icon.png */; };
		A1D9B3EC1B133BE5007DE466 /* Calendar Permission Icon@2x.png in Resources */ = {isa = PBXBuildFile; fileRef = A1D9B3E31B133BE5007DE466 /* Calendar Permission Icon@2x.png */; };
		A1D9B3ED1B133BE5007DE466 /* Calendar Permission Icon@3x.png in Resources */ = {isa = PBXBuildFile; fileRef = A1D9B3E41B133BE5007DE466 /* Calendar Permission Icon@3x.png */; };
		A1D9B3EE1B133BE5007DE466 /* Location Permission Icon.png in Resources */ = {isa = PBXBuildFile; fileRef = A1D9B3E51B133BE5007DE466 /* Location Permission Icon.png */; };
		A1D9B3EF1B133BE5007DE466 /* Location Permission Icon@2x.png in Resources */ = {isa = PBXBuildFile; fileRef = A1D9B3E61B133BE5007DE466 /* Location Permission Icon@2x.png */; };
		A1D9B3F01B133BE5007DE466 /* Location Permission Icon@3x.png in Resources */ = {isa = PBXBuildFile; fileRef = A1D9B3E71B133BE5007DE466 /* Location Permission Icon@3x.png */; };
		A1D9B3F11B133BE5007DE466 /* Notification Permission Icon.png in Resources */ = {isa = PBXBuildFile; fileRef = A1D9B3E81B133BE5007DE466 /* Notification Permission Icon.png */; };
		A1D9B3F21B133BE5007DE466 /* Notification Permission Icon@2x.png in Resources */ = {isa = PBXBuildFile; fileRef = A1D9B3E91B133BE5007DE466 /* Notification Permission Icon@2x.png */; };
		A1D9B3F31B133BE5007DE466 /* Notification Permission Icon@3x.png in Resources */ = {isa = PBXBuildFile; fileRef = A1D9B3EA1B133BE5007DE466 /* Notification Permission Icon@3x.png */; };
		A1D9B3F71B133DF9007DE466 /* Checkmark.png in Resources */ = {isa = PBXBuildFile; fileRef = A1D9B3F41B133DF9007DE466 /* Checkmark.png */; };
		A1D9B3F81B133DF9007DE466 /* Checkmark@2x.png in Resources */ = {isa = PBXBuildFile; fileRef = A1D9B3F51B133DF9007DE466 /* Checkmark@2x.png */; };
		A1D9B3F91B133DF9007DE466 /* Checkmark@3x.png in Resources */ = {isa = PBXBuildFile; fileRef = A1D9B3F61B133DF9007DE466 /* Checkmark@3x.png */; };
		A1D9B3FD1B1342FB007DE466 /* MapKit.framework in Frameworks */ = {isa = PBXBuildFile; fileRef = A1D9B3FC1B1342FB007DE466 /* MapKit.framework */; };
/* End PBXBuildFile section */

/* Begin PBXContainerItemProxy section */
		A1D9B3C31B133875007DE466 /* PBXContainerItemProxy */ = {
			isa = PBXContainerItemProxy;
			containerPortal = A1D9B3A51B133875007DE466 /* Project object */;
			proxyType = 1;
			remoteGlobalIDString = A1D9B3AC1B133875007DE466;
			remoteInfo = SampleProject;
		};
/* End PBXContainerItemProxy section */

/* Begin PBXFileReference section */
		A150E07E1B13478A00A7A1C7 /* Info.plist */ = {isa = PBXFileReference; fileEncoding = 4; lastKnownFileType = text.plist.xml; path = Info.plist; sourceTree = "<group>"; };
		A1D9B3AD1B133875007DE466 /* SampleProject.app */ = {isa = PBXFileReference; explicitFileType = wrapper.application; includeInIndex = 0; path = SampleProject.app; sourceTree = BUILT_PRODUCTS_DIR; };
		A1D9B3B11B133875007DE466 /* Info.plist */ = {isa = PBXFileReference; lastKnownFileType = text.plist.xml; path = Info.plist; sourceTree = "<group>"; };
		A1D9B3B21B133875007DE466 /* AppDelegate.swift */ = {isa = PBXFileReference; lastKnownFileType = sourcecode.swift; path = AppDelegate.swift; sourceTree = "<group>"; };
		A1D9B3B41B133875007DE466 /* ViewController.swift */ = {isa = PBXFileReference; lastKnownFileType = sourcecode.swift; path = ViewController.swift; sourceTree = "<group>"; };
		A1D9B3B71B133875007DE466 /* Base */ = {isa = PBXFileReference; lastKnownFileType = file.storyboard; name = Base; path = Base.lproj/Main.storyboard; sourceTree = "<group>"; };
		A1D9B3B91B133875007DE466 /* Images.xcassets */ = {isa = PBXFileReference; lastKnownFileType = folder.assetcatalog; path = Images.xcassets; sourceTree = "<group>"; };
		A1D9B3BC1B133875007DE466 /* Base */ = {isa = PBXFileReference; lastKnownFileType = file.xib; name = Base; path = Base.lproj/LaunchScreen.xib; sourceTree = "<group>"; };
		A1D9B3C21B133875007DE466 /* SampleProjectTests.xctest */ = {isa = PBXFileReference; explicitFileType = wrapper.cfbundle; includeInIndex = 0; path = SampleProjectTests.xctest; sourceTree = BUILT_PRODUCTS_DIR; };
		A1D9B3C81B133875007DE466 /* SampleProjectTests.swift */ = {isa = PBXFileReference; lastKnownFileType = sourcecode.swift; path = SampleProjectTests.swift; sourceTree = "<group>"; };
		A1D9B3D31B1339B3007DE466 /* ModalExplanationViewController.swift */ = {isa = PBXFileReference; fileEncoding = 4; lastKnownFileType = sourcecode.swift; path = ModalExplanationViewController.swift; sourceTree = "<group>"; };
		A1D9B3D41B1339B3007DE466 /* PermissionController.swift */ = {isa = PBXFileReference; fileEncoding = 4; lastKnownFileType = sourcecode.swift; path = PermissionController.swift; sourceTree = "<group>"; };
		A1D9B3D51B1339B3007DE466 /* PermissionView.swift */ = {isa = PBXFileReference; fileEncoding = 4; lastKnownFileType = sourcecode.swift; path = PermissionView.swift; sourceTree = "<group>"; };
		A1D9B3D61B1339B3007DE466 /* PermissionView.xib */ = {isa = PBXFileReference; fileEncoding = 4; lastKnownFileType = file.xib; path = PermissionView.xib; sourceTree = "<group>"; };
		A1D9B3E21B133BE5007DE466 /* Calendar Permission Icon.png */ = {isa = PBXFileReference; lastKnownFileType = image.png; path = "Calendar Permission Icon.png"; sourceTree = "<group>"; };
		A1D9B3E31B133BE5007DE466 /* Calendar Permission Icon@2x.png */ = {isa = PBXFileReference; lastKnownFileType = image.png; path = "Calendar Permission Icon@2x.png"; sourceTree = "<group>"; };
		A1D9B3E41B133BE5007DE466 /* Calendar Permission Icon@3x.png */ = {isa = PBXFileReference; lastKnownFileType = image.png; path = "Calendar Permission Icon@3x.png"; sourceTree = "<group>"; };
		A1D9B3E51B133BE5007DE466 /* Location Permission Icon.png */ = {isa = PBXFileReference; lastKnownFileType = image.png; path = "Location Permission Icon.png"; sourceTree = "<group>"; };
		A1D9B3E61B133BE5007DE466 /* Location Permission Icon@2x.png */ = {isa = PBXFileReference; lastKnownFileType = image.png; path = "Location Permission Icon@2x.png"; sourceTree = "<group>"; };
		A1D9B3E71B133BE5007DE466 /* Location Permission Icon@3x.png */ = {isa = PBXFileReference; lastKnownFileType = image.png; path = "Location Permission Icon@3x.png"; sourceTree = "<group>"; };
		A1D9B3E81B133BE5007DE466 /* Notification Permission Icon.png */ = {isa = PBXFileReference; lastKnownFileType = image.png; path = "Notification Permission Icon.png"; sourceTree = "<group>"; };
		A1D9B3E91B133BE5007DE466 /* Notification Permission Icon@2x.png */ = {isa = PBXFileReference; lastKnownFileType = image.png; path = "Notification Permission Icon@2x.png"; sourceTree = "<group>"; };
		A1D9B3EA1B133BE5007DE466 /* Notification Permission Icon@3x.png */ = {isa = PBXFileReference; lastKnownFileType = image.png; path = "Notification Permission Icon@3x.png"; sourceTree = "<group>"; };
		A1D9B3F41B133DF9007DE466 /* Checkmark.png */ = {isa = PBXFileReference; lastKnownFileType = image.png; path = Checkmark.png; sourceTree = "<group>"; };
		A1D9B3F51B133DF9007DE466 /* Checkmark@2x.png */ = {isa = PBXFileReference; lastKnownFileType = image.png; path = "Checkmark@2x.png"; sourceTree = "<group>"; };
		A1D9B3F61B133DF9007DE466 /* Checkmark@3x.png */ = {isa = PBXFileReference; lastKnownFileType = image.png; path = "Checkmark@3x.png"; sourceTree = "<group>"; };
		A1D9B3FA1B1342B6007DE466 /* CoreLocation.framework */ = {isa = PBXFileReference; lastKnownFileType = wrapper.framework; name = CoreLocation.framework; path = System/Library/Frameworks/CoreLocation.framework; sourceTree = SDKROOT; };
		A1D9B3FC1B1342FB007DE466 /* MapKit.framework */ = {isa = PBXFileReference; lastKnownFileType = wrapper.framework; name = MapKit.framework; path = System/Library/Frameworks/MapKit.framework; sourceTree = SDKROOT; };
/* End PBXFileReference section */

/* Begin PBXFrameworksBuildPhase section */
		A1D9B3AA1B133875007DE466 /* Frameworks */ = {
			isa = PBXFrameworksBuildPhase;
			buildActionMask = 2147483647;
			files = (
				A1D9B3FD1B1342FB007DE466 /* MapKit.framework in Frameworks */,
			);
			runOnlyForDeploymentPostprocessing = 0;
		};
		A1D9B3BF1B133875007DE466 /* Frameworks */ = {
			isa = PBXFrameworksBuildPhase;
			buildActionMask = 2147483647;
			files = (
			);
			runOnlyForDeploymentPostprocessing = 0;
		};
/* End PBXFrameworksBuildPhase section */

/* Begin PBXGroup section */
		A1D9B3A41B133875007DE466 = {
			isa = PBXGroup;
			children = (
				A1D9B3FC1B1342FB007DE466 /* MapKit.framework */,
				A1D9B3FA1B1342B6007DE466 /* CoreLocation.framework */,
				A1D9B3AF1B133875007DE466 /* SampleProject */,
				A1D9B3C51B133875007DE466 /* SampleProjectTests */,
				A1D9B3AE1B133875007DE466 /* Products */,
			);
			sourceTree = "<group>";
		};
		A1D9B3AE1B133875007DE466 /* Products */ = {
			isa = PBXGroup;
			children = (
				A1D9B3AD1B133875007DE466 /* SampleProject.app */,
				A1D9B3C21B133875007DE466 /* SampleProjectTests.xctest */,
			);
			name = Products;
			sourceTree = "<group>";
		};
		A1D9B3AF1B133875007DE466 /* SampleProject */ = {
			isa = PBXGroup;
			children = (
				A1D9B3D21B1339B3007DE466 /* PermissionController */,
				A1D9B3B21B133875007DE466 /* AppDelegate.swift */,
				A1D9B3B41B133875007DE466 /* ViewController.swift */,
				A1D9B3B61B133875007DE466 /* Main.storyboard */,
				A1D9B3B91B133875007DE466 /* Images.xcassets */,
				A1D9B3BB1B133875007DE466 /* LaunchScreen.xib */,
				A1D9B3B01B133875007DE466 /* Supporting Files */,
			);
			path = SampleProject;
			sourceTree = "<group>";
		};
		A1D9B3B01B133875007DE466 /* Supporting Files */ = {
			isa = PBXGroup;
			children = (
				A1D9B3B11B133875007DE466 /* Info.plist */,
			);
			name = "Supporting Files";
			sourceTree = "<group>";
		};
		A1D9B3C51B133875007DE466 /* SampleProjectTests */ = {
			isa = PBXGroup;
			children = (
				A1D9B3C81B133875007DE466 /* SampleProjectTests.swift */,
				A1D9B3C61B133875007DE466 /* Supporting Files */,
			);
			path = SampleProjectTests;
			sourceTree = "<group>";
		};
		A1D9B3C61B133875007DE466 /* Supporting Files */ = {
			isa = PBXGroup;
			children = (
				A150E07E1B13478A00A7A1C7 /* Info.plist */,
			);
			name = "Supporting Files";
			sourceTree = "<group>";
		};
		A1D9B3D21B1339B3007DE466 /* PermissionController */ = {
			isa = PBXGroup;
			children = (
				A1D9B3E11B133BE5007DE466 /* Icons */,
				A1D9B3D31B1339B3007DE466 /* ModalExplanationViewController.swift */,
				A1D9B3D41B1339B3007DE466 /* PermissionController.swift */,
				A1D9B3D51B1339B3007DE466 /* PermissionView.swift */,
				A1D9B3D61B1339B3007DE466 /* PermissionView.xib */,
			);
			name = PermissionController;
			path = ../../PermissionController;
			sourceTree = "<group>";
		};
		A1D9B3E11B133BE5007DE466 /* Icons */ = {
			isa = PBXGroup;
			children = (
				A1D9B3F41B133DF9007DE466 /* Checkmark.png */,
				A1D9B3F51B133DF9007DE466 /* Checkmark@2x.png */,
				A1D9B3F61B133DF9007DE466 /* Checkmark@3x.png */,
				A1D9B3E21B133BE5007DE466 /* Calendar Permission Icon.png */,
				A1D9B3E31B133BE5007DE466 /* Calendar Permission Icon@2x.png */,
				A1D9B3E41B133BE5007DE466 /* Calendar Permission Icon@3x.png */,
				A1D9B3E51B133BE5007DE466 /* Location Permission Icon.png */,
				A1D9B3E61B133BE5007DE466 /* Location Permission Icon@2x.png */,
				A1D9B3E71B133BE5007DE466 /* Location Permission Icon@3x.png */,
				A1D9B3E81B133BE5007DE466 /* Notification Permission Icon.png */,
				A1D9B3E91B133BE5007DE466 /* Notification Permission Icon@2x.png */,
				A1D9B3EA1B133BE5007DE466 /* Notification Permission Icon@3x.png */,
			);
			path = Icons;
			sourceTree = "<group>";
		};
/* End PBXGroup section */

/* Begin PBXNativeTarget section */
		A1D9B3AC1B133875007DE466 /* SampleProject */ = {
			isa = PBXNativeTarget;
			buildConfigurationList = A1D9B3CC1B133875007DE466 /* Build configuration list for PBXNativeTarget "SampleProject" */;
			buildPhases = (
				A1D9B3A91B133875007DE466 /* Sources */,
				A1D9B3AA1B133875007DE466 /* Frameworks */,
				A1D9B3AB1B133875007DE466 /* Resources */,
			);
			buildRules = (
			);
			dependencies = (
			);
			name = SampleProject;
			productName = SampleProject;
			productReference = A1D9B3AD1B133875007DE466 /* SampleProject.app */;
			productType = "com.apple.product-type.application";
		};
		A1D9B3C11B133875007DE466 /* SampleProjectTests */ = {
			isa = PBXNativeTarget;
			buildConfigurationList = A1D9B3CF1B133875007DE466 /* Build configuration list for PBXNativeTarget "SampleProjectTests" */;
			buildPhases = (
				A1D9B3BE1B133875007DE466 /* Sources */,
				A1D9B3BF1B133875007DE466 /* Frameworks */,
				A1D9B3C01B133875007DE466 /* Resources */,
			);
			buildRules = (
			);
			dependencies = (
				A1D9B3C41B133875007DE466 /* PBXTargetDependency */,
			);
			name = SampleProjectTests;
			productName = SampleProjectTests;
			productReference = A1D9B3C21B133875007DE466 /* SampleProjectTests.xctest */;
			productType = "com.apple.product-type.bundle.unit-test";
		};
/* End PBXNativeTarget section */

/* Begin PBXProject section */
		A1D9B3A51B133875007DE466 /* Project object */ = {
			isa = PBXProject;
			attributes = {
				LastSwiftMigration = 0700;
				LastSwiftUpdateCheck = 0700;
				LastUpgradeCheck = 0800;
				ORGANIZATIONNAME = Cocoawah;
				TargetAttributes = {
					A1D9B3AC1B133875007DE466 = {
						CreatedOnToolsVersion = 6.3.1;
						LastSwiftMigration = 0800;
						SystemCapabilities = {
							com.apple.BackgroundModes = {
								enabled = 0;
							};
						};
					};
					A1D9B3C11B133875007DE466 = {
						CreatedOnToolsVersion = 6.3.1;
						LastSwiftMigration = 0800;
						TestTargetID = A1D9B3AC1B133875007DE466;
					};
				};
			};
			buildConfigurationList = A1D9B3A81B133875007DE466 /* Build configuration list for PBXProject "SampleProject" */;
			compatibilityVersion = "Xcode 3.2";
			developmentRegion = English;
			hasScannedForEncodings = 0;
			knownRegions = (
				en,
				Base,
			);
			mainGroup = A1D9B3A41B133875007DE466;
			productRefGroup = A1D9B3AE1B133875007DE466 /* Products */;
			projectDirPath = "";
			projectRoot = "";
			targets = (
				A1D9B3AC1B133875007DE466 /* SampleProject */,
				A1D9B3C11B133875007DE466 /* SampleProjectTests */,
			);
		};
/* End PBXProject section */

/* Begin PBXResourcesBuildPhase section */
		A1D9B3AB1B133875007DE466 /* Resources */ = {
			isa = PBXResourcesBuildPhase;
			buildActionMask = 2147483647;
			files = (
				A1D9B3F01B133BE5007DE466 /* Location Permission Icon@3x.png in Resources */,
				A1D9B3B81B133875007DE466 /* Main.storyboard in Resources */,
				A1D9B3BD1B133875007DE466 /* LaunchScreen.xib in Resources */,
				A1D9B3F11B133BE5007DE466 /* Notification Permission Icon.png in Resources */,
				A1D9B3EE1B133BE5007DE466 /* Location Permission Icon.png in Resources */,
				A1D9B3F21B133BE5007DE466 /* Notification Permission Icon@2x.png in Resources */,
				A1D9B3BA1B133875007DE466 /* Images.xcassets in Resources */,
				A1D9B3F91B133DF9007DE466 /* Checkmark@3x.png in Resources */,
				A1D9B3EB1B133BE5007DE466 /* Calendar Permission Icon.png in Resources */,
				A1D9B3F31B133BE5007DE466 /* Notification Permission Icon@3x.png in Resources */,
				A1D9B3F81B133DF9007DE466 /* Checkmark@2x.png in Resources */,
				A1D9B3F71B133DF9007DE466 /* Checkmark.png in Resources */,
				A1D9B3EC1B133BE5007DE466 /* Calendar Permission Icon@2x.png in Resources */,
				A1D9B3EF1B133BE5007DE466 /* Location Permission Icon@2x.png in Resources */,
				A1D9B3DA1B1339B3007DE466 /* PermissionView.xib in Resources */,
				A1D9B3ED1B133BE5007DE466 /* Calendar Permission Icon@3x.png in Resources */,
			);
			runOnlyForDeploymentPostprocessing = 0;
		};
		A1D9B3C01B133875007DE466 /* Resources */ = {
			isa = PBXResourcesBuildPhase;
			buildActionMask = 2147483647;
			files = (
			);
			runOnlyForDeploymentPostprocessing = 0;
		};
/* End PBXResourcesBuildPhase section */

/* Begin PBXSourcesBuildPhase section */
		A1D9B3A91B133875007DE466 /* Sources */ = {
			isa = PBXSourcesBuildPhase;
			buildActionMask = 2147483647;
			files = (
				A1D9B3D91B1339B3007DE466 /* PermissionView.swift in Sources */,
				A1D9B3B51B133875007DE466 /* ViewController.swift in Sources */,
				A1D9B3B31B133875007DE466 /* AppDelegate.swift in Sources */,
				A1D9B3D81B1339B3007DE466 /* PermissionController.swift in Sources */,
				A1D9B3D71B1339B3007DE466 /* ModalExplanationViewController.swift in Sources */,
			);
			runOnlyForDeploymentPostprocessing = 0;
		};
		A1D9B3BE1B133875007DE466 /* Sources */ = {
			isa = PBXSourcesBuildPhase;
			buildActionMask = 2147483647;
			files = (
				A1D9B3C91B133875007DE466 /* SampleProjectTests.swift in Sources */,
			);
			runOnlyForDeploymentPostprocessing = 0;
		};
/* End PBXSourcesBuildPhase section */

/* Begin PBXTargetDependency section */
		A1D9B3C41B133875007DE466 /* PBXTargetDependency */ = {
			isa = PBXTargetDependency;
			target = A1D9B3AC1B133875007DE466 /* SampleProject */;
			targetProxy = A1D9B3C31B133875007DE466 /* PBXContainerItemProxy */;
		};
/* End PBXTargetDependency section */

/* Begin PBXVariantGroup section */
		A1D9B3B61B133875007DE466 /* Main.storyboard */ = {
			isa = PBXVariantGroup;
			children = (
				A1D9B3B71B133875007DE466 /* Base */,
			);
			name = Main.storyboard;
			sourceTree = "<group>";
		};
		A1D9B3BB1B133875007DE466 /* LaunchScreen.xib */ = {
			isa = PBXVariantGroup;
			children = (
				A1D9B3BC1B133875007DE466 /* Base */,
			);
			name = LaunchScreen.xib;
			sourceTree = "<group>";
		};
/* End PBXVariantGroup section */

/* Begin XCBuildConfiguration section */
		A1D9B3CA1B133875007DE466 /* Debug */ = {
			isa = XCBuildConfiguration;
			buildSettings = {
				ALWAYS_SEARCH_USER_PATHS = NO;
				CLANG_CXX_LANGUAGE_STANDARD = "gnu++0x";
				CLANG_CXX_LIBRARY = "libc++";
				CLANG_ENABLE_MODULES = YES;
				CLANG_ENABLE_OBJC_ARC = YES;
				CLANG_WARN_BOOL_CONVERSION = YES;
				CLANG_WARN_CONSTANT_CONVERSION = YES;
				CLANG_WARN_DIRECT_OBJC_ISA_USAGE = YES_ERROR;
				CLANG_WARN_EMPTY_BODY = YES;
				CLANG_WARN_ENUM_CONVERSION = YES;
				CLANG_WARN_INFINITE_RECURSION = YES;
				CLANG_WARN_INT_CONVERSION = YES;
				CLANG_WARN_OBJC_ROOT_CLASS = YES_ERROR;
				CLANG_WARN_SUSPICIOUS_MOVE = YES;
				CLANG_WARN_UNREACHABLE_CODE = YES;
				CLANG_WARN__DUPLICATE_METHOD_MATCH = YES;
				"CODE_SIGN_IDENTITY[sdk=iphoneos*]" = "iPhone Developer";
				COPY_PHASE_STRIP = NO;
				DEBUG_INFORMATION_FORMAT = "dwarf-with-dsym";
				ENABLE_STRICT_OBJC_MSGSEND = YES;
				ENABLE_TESTABILITY = YES;
				GCC_C_LANGUAGE_STANDARD = gnu99;
				GCC_DYNAMIC_NO_PIC = NO;
				GCC_NO_COMMON_BLOCKS = YES;
				GCC_OPTIMIZATION_LEVEL = 0;
				GCC_PREPROCESSOR_DEFINITIONS = (
					"DEBUG=1",
					"$(inherited)",
				);
				GCC_SYMBOLS_PRIVATE_EXTERN = NO;
				GCC_WARN_64_TO_32_BIT_CONVERSION = YES;
				GCC_WARN_ABOUT_RETURN_TYPE = YES_ERROR;
				GCC_WARN_UNDECLARED_SELECTOR = YES;
				GCC_WARN_UNINITIALIZED_AUTOS = YES_AGGRESSIVE;
				GCC_WARN_UNUSED_FUNCTION = YES;
				GCC_WARN_UNUSED_VARIABLE = YES;
				IPHONEOS_DEPLOYMENT_TARGET = 8.3;
				MTL_ENABLE_DEBUG_INFO = YES;
				ONLY_ACTIVE_ARCH = YES;
				SDKROOT = iphoneos;
				SWIFT_OPTIMIZATION_LEVEL = "-Onone";
			};
			name = Debug;
		};
		A1D9B3CB1B133875007DE466 /* Release */ = {
			isa = XCBuildConfiguration;
			buildSettings = {
				ALWAYS_SEARCH_USER_PATHS = NO;
				CLANG_CXX_LANGUAGE_STANDARD = "gnu++0x";
				CLANG_CXX_LIBRARY = "libc++";
				CLANG_ENABLE_MODULES = YES;
				CLANG_ENABLE_OBJC_ARC = YES;
				CLANG_WARN_BOOL_CONVERSION = YES;
				CLANG_WARN_CONSTANT_CONVERSION = YES;
				CLANG_WARN_DIRECT_OBJC_ISA_USAGE = YES_ERROR;
				CLANG_WARN_EMPTY_BODY = YES;
				CLANG_WARN_ENUM_CONVERSION = YES;
				CLANG_WARN_INFINITE_RECURSION = YES;
				CLANG_WARN_INT_CONVERSION = YES;
				CLANG_WARN_OBJC_ROOT_CLASS = YES_ERROR;
				CLANG_WARN_SUSPICIOUS_MOVE = YES;
				CLANG_WARN_UNREACHABLE_CODE = YES;
				CLANG_WARN__DUPLICATE_METHOD_MATCH = YES;
				"CODE_SIGN_IDENTITY[sdk=iphoneos*]" = "iPhone Developer";
				COPY_PHASE_STRIP = NO;
				DEBUG_INFORMATION_FORMAT = "dwarf-with-dsym";
				ENABLE_NS_ASSERTIONS = NO;
				ENABLE_STRICT_OBJC_MSGSEND = YES;
				GCC_C_LANGUAGE_STANDARD = gnu99;
				GCC_NO_COMMON_BLOCKS = YES;
				GCC_WARN_64_TO_32_BIT_CONVERSION = YES;
				GCC_WARN_ABOUT_RETURN_TYPE = YES_ERROR;
				GCC_WARN_UNDECLARED_SELECTOR = YES;
				GCC_WARN_UNINITIALIZED_AUTOS = YES_AGGRESSIVE;
				GCC_WARN_UNUSED_FUNCTION = YES;
				GCC_WARN_UNUSED_VARIABLE = YES;
				IPHONEOS_DEPLOYMENT_TARGET = 8.3;
				MTL_ENABLE_DEBUG_INFO = NO;
				SDKROOT = iphoneos;
				SWIFT_OPTIMIZATION_LEVEL = "-Owholemodule";
				VALIDATE_PRODUCT = YES;
			};
			name = Release;
		};
		A1D9B3CD1B133875007DE466 /* Debug */ = {
			isa = XCBuildConfiguration;
			buildSettings = {
				ASSETCATALOG_COMPILER_APPICON_NAME = AppIcon;
				INFOPLIST_FILE = SampleProject/Info.plist;
				LD_RUNPATH_SEARCH_PATHS = "$(inherited) @executable_path/Frameworks";
				PRODUCT_BUNDLE_IDENTIFIER = de.Cocoawah.PermissionControllerSampleProject;
				PRODUCT_NAME = "$(TARGET_NAME)";
				SWIFT_VERSION = 3.0;
			};
			name = Debug;
		};
		A1D9B3CE1B133875007DE466 /* Release */ = {
			isa = XCBuildConfiguration;
			buildSettings = {
				ASSETCATALOG_COMPILER_APPICON_NAME = AppIcon;
				INFOPLIST_FILE = SampleProject/Info.plist;
				LD_RUNPATH_SEARCH_PATHS = "$(inherited) @executable_path/Frameworks";
				PRODUCT_BUNDLE_IDENTIFIER = de.Cocoawah.PermissionControllerSampleProject;
				PRODUCT_NAME = "$(TARGET_NAME)";
				SWIFT_VERSION = 3.0;
			};
			name = Release;
		};
		A1D9B3D01B133875007DE466 /* Debug */ = {
			isa = XCBuildConfiguration;
			buildSettings = {
				BUNDLE_LOADER = "$(TEST_HOST)";
				FRAMEWORK_SEARCH_PATHS = (
					"$(SDKROOT)/Developer/Library/Frameworks",
					"$(inherited)",
				);
				GCC_PREPROCESSOR_DEFINITIONS = (
					"DEBUG=1",
					"$(inherited)",
				);
				INFOPLIST_FILE = SampleProjectTests/Info.plist;
				LD_RUNPATH_SEARCH_PATHS = "$(inherited) @executable_path/Frameworks @loader_path/Frameworks";
				PRODUCT_BUNDLE_IDENTIFIER = "de.Cocoawah.$(PRODUCT_NAME:rfc1034identifier)";
				PRODUCT_NAME = "$(TARGET_NAME)";
				SWIFT_VERSION = 3.0;
				TEST_HOST = "$(BUILT_PRODUCTS_DIR)/SampleProject.app/SampleProject";
			};
			name = Debug;
		};
		A1D9B3D11B133875007DE466 /* Release */ = {
			isa = XCBuildConfiguration;
			buildSettings = {
				BUNDLE_LOADER = "$(TEST_HOST)";
				FRAMEWORK_SEARCH_PATHS = (
					"$(SDKROOT)/Developer/Library/Frameworks",
					"$(inherited)",
				);
				INFOPLIST_FILE = SampleProjectTests/Info.plist;
				LD_RUNPATH_SEARCH_PATHS = "$(inherited) @executable_path/Frameworks @loader_path/Frameworks";
				PRODUCT_BUNDLE_IDENTIFIER = "de.Cocoawah.$(PRODUCT_NAME:rfc1034identifier)";
				PRODUCT_NAME = "$(TARGET_NAME)";
				SWIFT_VERSION = 3.0;
				TEST_HOST = "$(BUILT_PRODUCTS_DIR)/SampleProject.app/SampleProject";
			};
			name = Release;
		};
/* End XCBuildConfiguration section */

/* Begin XCConfigurationList section */
		A1D9B3A81B133875007DE466 /* Build configuration list for PBXProject "SampleProject" */ = {
			isa = XCConfigurationList;
			buildConfigurations = (
				A1D9B3CA1B133875007DE466 /* Debug */,
				A1D9B3CB1B133875007DE466 /* Release */,
			);
			defaultConfigurationIsVisible = 0;
			defaultConfigurationName = Release;
		};
		A1D9B3CC1B133875007DE466 /* Build configuration list for PBXNativeTarget "SampleProject" */ = {
			isa = XCConfigurationList;
			buildConfigurations = (
				A1D9B3CD1B133875007DE466 /* Debug */,
				A1D9B3CE1B133875007DE466 /* Release */,
			);
			defaultConfigurationIsVisible = 0;
			defaultConfigurationName = Release;
		};
		A1D9B3CF1B133875007DE466 /* Build configuration list for PBXNativeTarget "SampleProjectTests" */ = {
			isa = XCConfigurationList;
			buildConfigurations = (
				A1D9B3D01B133875007DE466 /* Debug */,
				A1D9B3D11B133875007DE466 /* Release */,
			);
			defaultConfigurationIsVisible = 0;
			defaultConfigurationName = Release;
		};
/* End XCConfigurationList section */
	};
	rootObject = A1D9B3A51B133875007DE466 /* Project object */;
}
